
Microsoft Visual Studio Solution File, Format Version 12.00
# Visual Studio Version 17
VisualStudioVersion = 17.0.32126.317
MinimumVisualStudioVersion = 10.0.40219.1
Project("{9A19103F-16F7-4668-BE54-9A1E7A4F7556}") = "KendoLibrary", "KendoLibrary\KendoLibrary.csproj", "{B6771750-B293-4C9A-A227-865FCEA7402C}"
EndProject
Project("{FAE04EC0-301F-11D3-BF4B-00C04F79EFBC}") = "KendoUI", "KendoUI\KendoUI.csproj", "{70A5251C-4D2E-4B7A-9287-D47BA3A8773B}"
EndProject
Global
	GlobalSection(SolutionConfigurationPlatforms) = preSolution
		Debug|Any CPU = Debug|Any CPU
		Release|Any CPU = Release|Any CPU
	EndGlobalSection
	GlobalSection(ProjectConfigurationPlatforms) = postSolution
		{B6771750-B293-4C9A-A227-865FCEA7402C}.Debug|Any CPU.ActiveCfg = Debug|Any CPU
		{B6771750-B293-4C9A-A227-865FCEA7402C}.Debug|Any CPU.Build.0 = Debug|Any CPU
		{B6771750-B293-4C9A-A227-865FCEA7402C}.Release|Any CPU.ActiveCfg = Release|Any CPU
		{B6771750-B293-4C9A-A227-865FCEA7402C}.Release|Any CPU.Build.0 = Release|Any CPU
		{70A5251C-4D2E-4B7A-9287-D47BA3A8773B}.Debug|Any CPU.ActiveCfg = Debug|Any CPU
		{70A5251C-4D2E-4B7A-9287-D47BA3A8773B}.Debug|Any CPU.Build.0 = Debug|Any CPU
		{70A5251C-4D2E-4B7A-9287-D47BA3A8773B}.Release|Any CPU.ActiveCfg = Release|Any CPU
		{70A5251C-4D2E-4B7A-9287-D47BA3A8773B}.Release|Any CPU.Build.0 = Release|Any CPU
	EndGlobalSection
	GlobalSection(SolutionProperties) = preSolution
		HideSolutionNode = FALSE
	EndGlobalSection
	GlobalSection(ExtensibilityGlobals) = postSolution
		SolutionGuid = {2087AA7A-1389-40BE-92D6-37AD443D572C}
	EndGlobalSection
EndGlobal
